
Microsoft Visual Studio Solution File, Format Version 12.00
# Visual Studio Version 16
VisualStudioVersion = 16.0.31410.357
MinimumVisualStudioVersion = 10.0.40219.1
Project("{FAE04EC0-301F-11D3-BF4B-00C04F79EFBC}") = "SameLinQMethod", "SameLinQMethod\SameLinQMethod.csproj", "{17513E30-FCAE-4A98-AB60-F6F4D64D49E9}"
EndProject
Global
	GlobalSection(SolutionConfigurationPlatforms) = preSolution
		Debug|Any CPU = Debug|Any CPU
		Release|Any CPU = Release|Any CPU
	EndGlobalSection
	GlobalSection(ProjectConfigurationPlatforms) = postSolution
		{17513E30-FCAE-4A98-AB60-F6F4D64D49E9}.Debug|Any CPU.ActiveCfg = Debug|Any CPU
		{17513E30-FCAE-4A98-AB60-F6F4D64D49E9}.Debug|Any CPU.Build.0 = Debug|Any CPU
		{17513E30-FCAE-4A98-AB60-F6F4D64D49E9}.Release|Any CPU.ActiveCfg = Release|Any CPU
		{17513E30-FCAE-4A98-AB60-F6F4D64D49E9}.Release|Any CPU.Build.0 = Release|Any CPU
	EndGlobalSection
	GlobalSection(SolutionProperties) = preSolution
		HideSolutionNode = FALSE
	EndGlobalSection
	GlobalSection(ExtensibilityGlobals) = postSolution
		SolutionGuid = {A122967D-D8F1-44EC-BF82-BC8C79603B63}
	EndGlobalSection
EndGlobal
