
Microsoft Visual Studio Solution File, Format Version 12.00
# Visual Studio Version 16
VisualStudioVersion = 16.0.31410.357
MinimumVisualStudioVersion = 10.0.40219.1
Project("{FAE04EC0-301F-11D3-BF4B-00C04F79EFBC}") = "ArrayFibonacci", "ArrayFibonacci\ArrayFibonacci.csproj", "{A45B51BD-1327-4127-8F48-FF694DFC8547}"
EndProject
Global
	GlobalSection(SolutionConfigurationPlatforms) = preSolution
		Debug|Any CPU = Debug|Any CPU
		Release|Any CPU = Release|Any CPU
	EndGlobalSection
	GlobalSection(ProjectConfigurationPlatforms) = postSolution
		{A45B51BD-1327-4127-8F48-FF694DFC8547}.Debug|Any CPU.ActiveCfg = Debug|Any CPU
		{A45B51BD-1327-4127-8F48-FF694DFC8547}.Debug|Any CPU.Build.0 = Debug|Any CPU
		{A45B51BD-1327-4127-8F48-FF694DFC8547}.Release|Any CPU.ActiveCfg = Release|Any CPU
		{A45B51BD-1327-4127-8F48-FF694DFC8547}.Release|Any CPU.Build.0 = Release|Any CPU
	EndGlobalSection
	GlobalSection(SolutionProperties) = preSolution
		HideSolutionNode = FALSE
	EndGlobalSection
	GlobalSection(ExtensibilityGlobals) = postSolution
		SolutionGuid = {A23553AE-F2CD-4A94-970F-367225D3656F}
	EndGlobalSection
EndGlobal
