
Microsoft Visual Studio Solution File, Format Version 12.00
# Visual Studio Version 16
VisualStudioVersion = 16.0.31410.357
MinimumVisualStudioVersion = 10.0.40219.1
Project("{FAE04EC0-301F-11D3-BF4B-00C04F79EFBC}") = "TestBlazorNangCao", "TestBlazorNangCao\TestBlazorNangCao.csproj", "{5A617109-B792-4528-953E-321CB3111B44}"
EndProject
Global
	GlobalSection(SolutionConfigurationPlatforms) = preSolution
		Debug|Any CPU = Debug|Any CPU
		Release|Any CPU = Release|Any CPU
	EndGlobalSection
	GlobalSection(ProjectConfigurationPlatforms) = postSolution
		{5A617109-B792-4528-953E-321CB3111B44}.Debug|Any CPU.ActiveCfg = Debug|Any CPU
		{5A617109-B792-4528-953E-321CB3111B44}.Debug|Any CPU.Build.0 = Debug|Any CPU
		{5A617109-B792-4528-953E-321CB3111B44}.Release|Any CPU.ActiveCfg = Release|Any CPU
		{5A617109-B792-4528-953E-321CB3111B44}.Release|Any CPU.Build.0 = Release|Any CPU
	EndGlobalSection
	GlobalSection(SolutionProperties) = preSolution
		HideSolutionNode = FALSE
	EndGlobalSection
	GlobalSection(ExtensibilityGlobals) = postSolution
		SolutionGuid = {BC751A90-99B9-4066-91DE-AECBDC5A2A44}
	EndGlobalSection
EndGlobal
