
Microsoft Visual Studio Solution File, Format Version 12.00
# Visual Studio Version 16
VisualStudioVersion = 16.0.31410.357
MinimumVisualStudioVersion = 10.0.40219.1
Project("{FAE04EC0-301F-11D3-BF4B-00C04F79EFBC}") = "Calculation", "Calculation\Calculation.csproj", "{4A4DC4E7-88E8-478E-A555-C140B00397ED}"
EndProject
Global
	GlobalSection(SolutionConfigurationPlatforms) = preSolution
		Debug|Any CPU = Debug|Any CPU
		Release|Any CPU = Release|Any CPU
	EndGlobalSection
	GlobalSection(ProjectConfigurationPlatforms) = postSolution
		{4A4DC4E7-88E8-478E-A555-C140B00397ED}.Debug|Any CPU.ActiveCfg = Debug|Any CPU
		{4A4DC4E7-88E8-478E-A555-C140B00397ED}.Debug|Any CPU.Build.0 = Debug|Any CPU
		{4A4DC4E7-88E8-478E-A555-C140B00397ED}.Release|Any CPU.ActiveCfg = Release|Any CPU
		{4A4DC4E7-88E8-478E-A555-C140B00397ED}.Release|Any CPU.Build.0 = Release|Any CPU
	EndGlobalSection
	GlobalSection(SolutionProperties) = preSolution
		HideSolutionNode = FALSE
	EndGlobalSection
	GlobalSection(ExtensibilityGlobals) = postSolution
		SolutionGuid = {37931769-822D-4BC5-AF37-C8DCD4A15348}
	EndGlobalSection
EndGlobal
